
Microsoft Visual Studio Solution File, Format Version 12.00
# Visual Studio Version 17
VisualStudioVersion = 17.7.34202.233
MinimumVisualStudioVersion = 10.0.40219.1
Project("{FAE04EC0-301F-11D3-BF4B-00C04F79EFBC}") = "PRG2 Assingment - Kieron & Raphael", "PRG2 Assingment - Kieron & Raphael\PRG2 Assingment - Kieron & Raphael.csproj", "{657E46C4-B99C-4A35-BE65-E46F747DF465}"
EndProject
Global
	GlobalSection(SolutionConfigurationPlatforms) = preSolution
		Debug|Any CPU = Debug|Any CPU
		Release|Any CPU = Release|Any CPU
	EndGlobalSection
	GlobalSection(ProjectConfigurationPlatforms) = postSolution
		{657E46C4-B99C-4A35-BE65-E46F747DF465}.Debug|Any CPU.ActiveCfg = Debug|Any CPU
		{657E46C4-B99C-4A35-BE65-E46F747DF465}.Debug|Any CPU.Build.0 = Debug|Any CPU
		{657E46C4-B99C-4A35-BE65-E46F747DF465}.Release|Any CPU.ActiveCfg = Release|Any CPU
		{657E46C4-B99C-4A35-BE65-E46F747DF465}.Release|Any CPU.Build.0 = Release|Any CPU
	EndGlobalSection
	GlobalSection(SolutionProperties) = preSolution
		HideSolutionNode = FALSE
	EndGlobalSection
	GlobalSection(ExtensibilityGlobals) = postSolution
		SolutionGuid = {0DF9873B-8863-49BE-9DD9-E71487AFCAB6}
	EndGlobalSection
EndGlobal
